{
  "name": "StudyMaster",
  "lockfileVersion": 3,
  "requires": true,
  "packages": {
    "": {
      "dependencies": {
        "vue-cropper": "^0.5.8"
      }
    },
    "node_modules/vue-cropper": {
      "version": "0.5.8",
      "resolved": "https://registry.npmmirror.com/vue-cropper/-/vue-cropper-0.5.8.tgz",
      "integrity": "sha512-Xgi/aLQCcNCiBTUdovy/i4LWx0G7fQnAENBpDWA3J4i87Zlk9DJRksXrClsQ6nnaFRfQVkMimij5GEvAMaXdYw==",
      "license": "ISC"
    }
  }
}
